{
  "name": "p2p-supercollider",
  "version": "1.0.22",
  "lockfileVersion": 2,
  "requires": true,
  "packages": {
    "": {
      "version": "1.0.22",
      "license": "ISC",
      "dependencies": {
        "nice-ago": "^1.0.1"
      },
      "bin": {
        "p2p-supercollider": "index.js"
      }
    },
    "node_modules/nice-ago": {
      "version": "1.0.1",
      "resolved": "https://registry.npmjs.org/nice-ago/-/nice-ago-1.0.1.tgz",
      "integrity": "sha512-XWRMo1jMfOZhZ1lxf7c6iw/vrCyEg/0d/29g52mhi/plI8biFOaFuuRRvffkrTtrR5YUTg0o2+CFHP0hEzlYoQ=="
    }
  },
  "dependencies": {
    "nice-ago": {
      "version": "1.0.1",
      "resolved": "https://registry.npmjs.org/nice-ago/-/nice-ago-1.0.1.tgz",
      "integrity": "sha512-XWRMo1jMfOZhZ1lxf7c6iw/vrCyEg/0d/29g52mhi/plI8biFOaFuuRRvffkrTtrR5YUTg0o2+CFHP0hEzlYoQ=="
    }
  }
}
